<Solution>
  <Project Path="Assembly-CSharp.csproj" />
  <Project Path="spine-unity-examples.csproj" />
  <Project Path="Assembly-CSharp-Editor.csproj" />
  <Project Path="spine-unity-editor.csproj" />
  <Project Path="spine-csharp.csproj" />
  <Project Path="StompyRobot.SRDebugger.csproj" />
  <Project Path="spine-unity.csproj" />
  <Project Path="StompyRobot.SRF.csproj" />
  <Project Path="StompyRobot.SRDebugger.Editor.csproj" />
  <Project Path="YujiAp.ProjectWindowHistory.Editor.csproj" />
  <Project Path="Assembly-CSharp-firstpass.csproj" />
  <Project Path="spine-unity-examples-editor.csproj" />
  <Project Path="StompyRobot.SRF.Editor.csproj" />
</Solution>
